
Microsoft Visual Studio Solution File, Format Version 12.00
# Visual Studio Version 16
VisualStudioVersion = 16.0.29806.167
MinimumVisualStudioVersion = 10.0.40219.1
Project("{FAE04EC0-301F-11D3-BF4B-00C04F79EFBC}") = "CareBearsStare", "CareBearsStare\CareBearsStare.csproj", "{65455167-F14C-4C23-8343-82660CF7EEE9}"
EndProject
Global
	GlobalSection(SolutionConfigurationPlatforms) = preSolution
		Debug|Any CPU = Debug|Any CPU
		Release|Any CPU = Release|Any CPU
	EndGlobalSection
	GlobalSection(ProjectConfigurationPlatforms) = postSolution
		{65455167-F14C-4C23-8343-82660CF7EEE9}.Debug|Any CPU.ActiveCfg = Debug|Any CPU
		{65455167-F14C-4C23-8343-82660CF7EEE9}.Debug|Any CPU.Build.0 = Debug|Any CPU
		{65455167-F14C-4C23-8343-82660CF7EEE9}.Release|Any CPU.ActiveCfg = Release|Any CPU
		{65455167-F14C-4C23-8343-82660CF7EEE9}.Release|Any CPU.Build.0 = Release|Any CPU
	EndGlobalSection
	GlobalSection(SolutionProperties) = preSolution
		HideSolutionNode = FALSE
	EndGlobalSection
	GlobalSection(ExtensibilityGlobals) = postSolution
		SolutionGuid = {574D49A7-D4AF-4486-B99D-8DF14564D5E3}
	EndGlobalSection
EndGlobal
